
Microsoft Visual Studio Solution File, Format Version 12.00
# Visual Studio Version 16
VisualStudioVersion = 16.0.32106.194
MinimumVisualStudioVersion = 10.0.40219.1
Project("{F184B08F-C81C-45F6-A57F-5ABD9991F28F}") = "Talk Trouble Remastered", "Talk Trouble Remastered.vbproj", "{57451DAD-11F2-4C5E-B3ED-C56846C44DA1}"
EndProject
Global
	GlobalSection(SolutionConfigurationPlatforms) = preSolution
		Debug|Any CPU = Debug|Any CPU
		Release|Any CPU = Release|Any CPU
	EndGlobalSection
	GlobalSection(ProjectConfigurationPlatforms) = postSolution
		{57451DAD-11F2-4C5E-B3ED-C56846C44DA1}.Debug|Any CPU.ActiveCfg = Debug|Any CPU
		{57451DAD-11F2-4C5E-B3ED-C56846C44DA1}.Debug|Any CPU.Build.0 = Debug|Any CPU
		{57451DAD-11F2-4C5E-B3ED-C56846C44DA1}.Release|Any CPU.ActiveCfg = Release|Any CPU
		{57451DAD-11F2-4C5E-B3ED-C56846C44DA1}.Release|Any CPU.Build.0 = Release|Any CPU
	EndGlobalSection
	GlobalSection(SolutionProperties) = preSolution
		HideSolutionNode = FALSE
	EndGlobalSection
	GlobalSection(ExtensibilityGlobals) = postSolution
		SolutionGuid = {CAB2A785-5E09-4D2B-9AF9-6DF7F090388C}
	EndGlobalSection
EndGlobal
